
Microsoft Visual Studio Solution File, Format Version 12.00
# Visual Studio 15
VisualStudioVersion = 15.0.27130.2020
MinimumVisualStudioVersion = 10.0.40219.1
Project("{FAE04EC0-301F-11D3-BF4B-00C04F79EFBC}") = "ZaakDocumentDragAndDrop", "ZaakDocumentDragAndDrop\ZaakDocumentDragAndDrop.csproj", "{FB379773-3040-48F3-ACD5-526E8D07DF47}"
EndProject
Project("{54435603-DBB4-11D2-8724-00A0C9A8B90C}") = "ZaakDocumentDragAndDropSetup", "ZaakDocumentDragAndDropSetup\ZaakDocumentManagerSetup.vdproj", "{99D928BE-B0E3-41A8-A49C-05905F6EC777}"
EndProject
Global
	GlobalSection(SolutionConfigurationPlatforms) = preSolution
		Debug|Any CPU = Debug|Any CPU
		Release|Any CPU = Release|Any CPU
	EndGlobalSection
	GlobalSection(ProjectConfigurationPlatforms) = postSolution
		{FB379773-3040-48F3-ACD5-526E8D07DF47}.Debug|Any CPU.ActiveCfg = Debug|Any CPU
		{FB379773-3040-48F3-ACD5-526E8D07DF47}.Debug|Any CPU.Build.0 = Debug|Any CPU
		{FB379773-3040-48F3-ACD5-526E8D07DF47}.Release|Any CPU.ActiveCfg = Release|Any CPU
		{FB379773-3040-48F3-ACD5-526E8D07DF47}.Release|Any CPU.Build.0 = Release|Any CPU
		{99D928BE-B0E3-41A8-A49C-05905F6EC777}.Debug|Any CPU.ActiveCfg = Debug
		{99D928BE-B0E3-41A8-A49C-05905F6EC777}.Debug|Any CPU.Build.0 = Debug
		{99D928BE-B0E3-41A8-A49C-05905F6EC777}.Release|Any CPU.ActiveCfg = Release
		{99D928BE-B0E3-41A8-A49C-05905F6EC777}.Release|Any CPU.Build.0 = Release
	EndGlobalSection
	GlobalSection(SolutionProperties) = preSolution
		HideSolutionNode = FALSE
	EndGlobalSection
	GlobalSection(ExtensibilityGlobals) = postSolution
		SolutionGuid = {117CB9BF-FC52-4354-8AC3-C0FB89AC8BEA}
	EndGlobalSection
EndGlobal
